{
  "name": "com480-moonwalker",
  "lockfileVersion": 3,
  "requires": true,
  "packages": {
    "": {
      "dependencies": {
        "fullpage.js": "^4.0.22"
      }
    },
    "node_modules/fullpage.js": {
      "version": "4.0.22",
      "resolved": "https://registry.npmjs.org/fullpage.js/-/fullpage.js-4.0.22.tgz",
      "integrity": "sha512-8CCRrL8DwoFIDcBifvB0YfZZV63vUjairLsBX/uuOSsFa3gPS1Or4bLm2llFojL091MINMPzwdzTgbIO5iDdKw=="
    }
  }
}
